
Microsoft Visual Studio Solution File, Format Version 12.00
# Visual Studio Version 16
VisualStudioVersion = 16.0.29905.134
MinimumVisualStudioVersion = 10.0.40219.1
Project("{F184B08F-C81C-45F6-A57F-5ABD9991F28F}") = "Mindustry-控制端", "Mindustry-控制端\Mindustry-控制端.vbproj", "{07C99394-0206-4C52-959C-25A5DFC0E94C}"
EndProject
Global
	GlobalSection(SolutionConfigurationPlatforms) = preSolution
		Debug|Any CPU = Debug|Any CPU
		Release|Any CPU = Release|Any CPU
	EndGlobalSection
	GlobalSection(ProjectConfigurationPlatforms) = postSolution
		{07C99394-0206-4C52-959C-25A5DFC0E94C}.Debug|Any CPU.ActiveCfg = Debug|Any CPU
		{07C99394-0206-4C52-959C-25A5DFC0E94C}.Debug|Any CPU.Build.0 = Debug|Any CPU
		{07C99394-0206-4C52-959C-25A5DFC0E94C}.Release|Any CPU.ActiveCfg = Release|Any CPU
		{07C99394-0206-4C52-959C-25A5DFC0E94C}.Release|Any CPU.Build.0 = Release|Any CPU
	EndGlobalSection
	GlobalSection(SolutionProperties) = preSolution
		HideSolutionNode = FALSE
	EndGlobalSection
	GlobalSection(ExtensibilityGlobals) = postSolution
		SolutionGuid = {15A640D5-D2AA-4AC6-9B2A-DCDAEE459036}
	EndGlobalSection
EndGlobal
